
Microsoft Visual Studio Solution File, Format Version 12.00
# Visual Studio 15
VisualStudioVersion = 15.0.27130.2027
MinimumVisualStudioVersion = 10.0.40219.1
Project("{FAE04EC0-301F-11D3-BF4B-00C04F79EFBC}") = "Week3OrdersWithTests", "Week3OrdersWithTests\Week3OrdersWithTests.csproj", "{63CBD6E7-5A20-4307-9BD5-8C647A3888D2}"
EndProject
Global
	GlobalSection(SolutionConfigurationPlatforms) = preSolution
		Debug|Any CPU = Debug|Any CPU
		Release|Any CPU = Release|Any CPU
	EndGlobalSection
	GlobalSection(ProjectConfigurationPlatforms) = postSolution
		{63CBD6E7-5A20-4307-9BD5-8C647A3888D2}.Debug|Any CPU.ActiveCfg = Debug|Any CPU
		{63CBD6E7-5A20-4307-9BD5-8C647A3888D2}.Debug|Any CPU.Build.0 = Debug|Any CPU
		{63CBD6E7-5A20-4307-9BD5-8C647A3888D2}.Release|Any CPU.ActiveCfg = Release|Any CPU
		{63CBD6E7-5A20-4307-9BD5-8C647A3888D2}.Release|Any CPU.Build.0 = Release|Any CPU
	EndGlobalSection
	GlobalSection(SolutionProperties) = preSolution
		HideSolutionNode = FALSE
	EndGlobalSection
	GlobalSection(ExtensibilityGlobals) = postSolution
		SolutionGuid = {CCD5DE30-EFBD-4BC4-A7F0-AA6F367F10E8}
	EndGlobalSection
EndGlobal
